{
  "lockfileVersion": 1,
  "configVersion": 1,
  "workspaces": {
    "": {
      "name": "expoot-monorepo",
      "devDependencies": {
        "husky": "^9.1.7",
        "lint-staged": "^16.4.0",
        "oxfmt": "^0.46.0",
      },
    },
    "packages/create-expoot": {
      "name": "create-expoot",
      "version": "0.1.0",
      "dependencies": {
        "@clack/prompts": "^1.2.0",
        "arktype": "^2.2.0",
        "cac": "^7.0.0",
        "kleur": "^4.1.5",
        "toml": "^4.1.1",
      },
      "devDependencies": {
        "@tsconfig/node24": "catalog:base",
        "@types/bun": "^1.3.13",
        "@types/node": "catalog:base",
        "@typescript/native-preview": "catalog:base",
      },
    },
  },
  "catalogs": {
    "base": {
      "@tsconfig/node24": "^24.0.4",
      "@types/node": "^24.12.2",
      "@typescript/native-preview": "^7.0.0-dev.20260425.1",
    },
    "react-native-81": {
      "expo": "~54.0.33",
      "react": "19.1.4",
      "react-native": "0.81.6",
      "react-native-macos": "0.81.7",
      "react-native-windows": "0.81.12",
    },
    "react-native-82": {
      "expo": "~55.0.17",
      "react": "19.1.1",
      "react-native": "0.82.1",
      "react-native-windows": "0.82.5",
    },
    "react-native-83": {
      "expo": "~55.0.17",
      "react": "19.2.0",
      "react-native": "0.83.6",
    },
  },
  "packages": {
    "@ark/schema": ["@ark/schema@0.56.0", "", { "dependencies": { "@ark/util": "0.56.0" } }, "sha512-ECg3hox/6Z/nLajxXqNhgPtNdHWC9zNsDyskwO28WinoFEnWow4IsERNz9AnXRhTZJnYIlAJ4uGn3nlLk65vZA=="],

    "@ark/util": ["@ark/util@0.56.0", "", {}, "sha512-BghfRC8b9pNs3vBoDJhcta0/c1J1rsoS1+HgVUreMFPdhz/CRAKReAu57YEllNaSy98rWAdY1gE+gFup7OXpgA=="],

    "@clack/core": ["@clack/core@1.2.0", "", { "dependencies": { "fast-wrap-ansi": "^0.1.3", "sisteransi": "^1.0.5" } }, "sha512-qfxof/3T3t9DPU/Rj3OmcFyZInceqj/NVtO9rwIuJqCUgh32gwPjpFQQp/ben07qKlhpwq7GzfWpST4qdJ5Drg=="],

    "@clack/prompts": ["@clack/prompts@1.2.0", "", { "dependencies": { "@clack/core": "1.2.0", "fast-string-width": "^1.1.0", "fast-wrap-ansi": "^0.1.3", "sisteransi": "^1.0.5" } }, "sha512-4jmztR9fMqPMjz6H/UZXj0zEmE43ha1euENwkckKKel4XpSfokExPo5AiVStdHSAlHekz4d0CA/r45Ok1E4D3w=="],

    "@oxfmt/binding-android-arm-eabi": ["@oxfmt/binding-android-arm-eabi@0.46.0", "", { "os": "android", "cpu": "arm" }, "sha512-b1doV4WRcJU+BESSlCvCjV+5CEr/T6h0frArAdV26Nir+gGNFNaylvDiiMPfF1pxeV0txZEs38ojzJaxBYg+ng=="],

    "@oxfmt/binding-android-arm64": ["@oxfmt/binding-android-arm64@0.46.0", "", { "os": "android", "cpu": "arm64" }, "sha512-v6+HhjsoV3GO0u2u9jLSAZrvWfTraDxKofUIQ7/ktS7tzS+epVsxdHmeM+XxuNcAY/nWxxU1Sg4JcGTNRXraBA=="],

    "@oxfmt/binding-darwin-arm64": ["@oxfmt/binding-darwin-arm64@0.46.0", "", { "os": "darwin", "cpu": "arm64" }, "sha512-3eeooJGrqGIlI5MyryDZsAcKXSmKIgAD4yYtfRrRJzXZ0UTFZtiSveIur56YPrGMYZwT4XyVhHsMqrNwr1XeFA=="],

    "@oxfmt/binding-darwin-x64": ["@oxfmt/binding-darwin-x64@0.46.0", "", { "os": "darwin", "cpu": "x64" }, "sha512-QG8BDM0CXWbu84k2SKmCqfEddPQPFiBicwtYnLqHRWZZl57HbtOLRMac/KTq2NO4AEc4ICCBpFxJIV9zcqYfkQ=="],

    "@oxfmt/binding-freebsd-x64": ["@oxfmt/binding-freebsd-x64@0.46.0", "", { "os": "freebsd", "cpu": "x64" }, "sha512-9DdCqS/n2ncu/Chazvt3cpgAjAmIGQDz7hFKSrNItMApyV/Ja9mz3hD4JakIE3nS8PW9smEbPWnb389QLBY4nw=="],

    "@oxfmt/binding-linux-arm-gnueabihf": ["@oxfmt/binding-linux-arm-gnueabihf@0.46.0", "", { "os": "linux", "cpu": "arm" }, "sha512-Dgs7VeE2jT0LHMhw6tPEt0xQYe54kBqHEovmWsv4FVQlegCOvlIJNx0S8n4vj8WUtpT+Z6BD2HhKJPLglLxvZg=="],

    "@oxfmt/binding-linux-arm-musleabihf": ["@oxfmt/binding-linux-arm-musleabihf@0.46.0", "", { "os": "linux", "cpu": "arm" }, "sha512-Zxn3adhTH13JKnU4xXJj8FeEfF680XjXh3gSShKl57HCMBRde2tUJTgogV/1MSHA80PJEVrDa7r66TLVq3Ia7Q=="],

    "@oxfmt/binding-linux-arm64-gnu": ["@oxfmt/binding-linux-arm64-gnu@0.46.0", "", { "os": "linux", "cpu": "arm64" }, "sha512-+TWipjrgVM8D7aIdDD0tlr3teLTTvQTn7QTE5BpT10H1Fj82gfdn9X6nn2sDgx/MepuSCfSnzFNJq2paLL0OiA=="],

    "@oxfmt/binding-linux-arm64-musl": ["@oxfmt/binding-linux-arm64-musl@0.46.0", "", { "os": "linux", "cpu": "arm64" }, "sha512-aAUPBWJ1lGwwnxZUEDLJ94+Iy6MuwJwPxUgO4sCA5mEEyDk7b+cDQ+JpX1VR150Zoyd+D49gsrUzpUK5h587Eg=="],

    "@oxfmt/binding-linux-ppc64-gnu": ["@oxfmt/binding-linux-ppc64-gnu@0.46.0", "", { "os": "linux", "cpu": "ppc64" }, "sha512-ufBCJukyFX/UDrokP/r6BGDoTInnsDs7bxyzKAgMiZlt2Qu8GPJSJ6Zm6whIiJzKk0naxA8ilwmbO1LMw6Htxw=="],

    "@oxfmt/binding-linux-riscv64-gnu": ["@oxfmt/binding-linux-riscv64-gnu@0.46.0", "", { "os": "linux", "cpu": "none" }, "sha512-eqtlC2YmPqjun76R1gVfGLuKWx7NuEnLEAudZ7n6ipSKbCZTqIKSs1b5Y8K/JHZsRpLkeSmAAjig5HOIg8fQzQ=="],

    "@oxfmt/binding-linux-riscv64-musl": ["@oxfmt/binding-linux-riscv64-musl@0.46.0", "", { "os": "linux", "cpu": "none" }, "sha512-yccVOO2nMXkQLGgy0He3EQEwKD7NF0zEk+/OWmroznkqXyJdN6bfK0LtNnr6/14Bh3FjpYq7bP33l/VloCnxpA=="],

    "@oxfmt/binding-linux-s390x-gnu": ["@oxfmt/binding-linux-s390x-gnu@0.46.0", "", { "os": "linux", "cpu": "s390x" }, "sha512-aAf7fG23OQCey6VRPj9IeCraoYtpgtx0ZyJ1CXkPyT1wjzBE7c3xtuxHe/AdHaJfVVb/SXpSk8Gl1LzyQupSqw=="],

    "@oxfmt/binding-linux-x64-gnu": ["@oxfmt/binding-linux-x64-gnu@0.46.0", "", { "os": "linux", "cpu": "x64" }, "sha512-q0JPsTMyJNjYrBvYFDz4WbVsafNZaPCZv4RnFypRotLqpKROtBZcEaXQW4eb9YmvLU3NckVemLJnzkSZSdmOxw=="],

    "@oxfmt/binding-linux-x64-musl": ["@oxfmt/binding-linux-x64-musl@0.46.0", "", { "os": "linux", "cpu": "x64" }, "sha512-7LsLY9Cw57GPkhSR+duI3mt9baRczK/DtHYSldQ4BEU92da9igBQNl4z7Vq5U9NNPsh1FmpKvv1q9WDtiUQR1A=="],

    "@oxfmt/binding-openharmony-arm64": ["@oxfmt/binding-openharmony-arm64@0.46.0", "", { "os": "none", "cpu": "arm64" }, "sha512-lHiBOz8Duaku7JtRNLlps3j++eOaICPZSd8FCVmTDM4DFOPT71Bjn7g6iar1z7StXlKRweUKxWUs4sA+zWGDXg=="],

    "@oxfmt/binding-win32-arm64-msvc": ["@oxfmt/binding-win32-arm64-msvc@0.46.0", "", { "os": "win32", "cpu": "arm64" }, "sha512-/5ktYUliP89RhgC37DBH1x20U5zPSZMy3cMEcO0j3793rbHP9MWsknBwQB6eozRzWmYrh0IFM/p20EbPvDlYlg=="],

    "@oxfmt/binding-win32-ia32-msvc": ["@oxfmt/binding-win32-ia32-msvc@0.46.0", "", { "os": "win32", "cpu": "ia32" }, "sha512-3WTnoiuIr8XvV0DIY7SN+1uJSwKf4sPpcbHfobcRT9JutGcLaef/miyBB87jxd3aqH+mS0+G5lsgHuXLUwjjpQ=="],

    "@oxfmt/binding-win32-x64-msvc": ["@oxfmt/binding-win32-x64-msvc@0.46.0", "", { "os": "win32", "cpu": "x64" }, "sha512-IXxiQpkYnOwNfP23vzwSfhdpxJzyiPTY7eTn6dn3DsriKddESzM8i6kfq9R7CD/PUJwCvQT22NgtygBeug3KoA=="],

    "@tsconfig/node24": ["@tsconfig/node24@24.0.4", "", {}, "sha512-2A933l5P5oCbv6qSxHs7ckKwobs8BDAe9SJ/Xr2Hy+nDlwmLE1GhFh/g/vXGRZWgxBg9nX/5piDtHR9Dkw/XuA=="],

    "@types/bun": ["@types/bun@1.3.13", "", { "dependencies": { "bun-types": "1.3.13" } }, "sha512-9fqXWk5YIHGGnUau9TEi+qdlTYDAnOj+xLCmSTwXfAIqXr2x4tytJb43E9uCvt09zJURKXwAtkoH4nLQfzeTXw=="],

    "@types/node": ["@types/node@24.12.2", "", { "dependencies": { "undici-types": "~7.16.0" } }, "sha512-A1sre26ke7HDIuY/M23nd9gfB+nrmhtYyMINbjI1zHJxYteKR6qSMX56FsmjMcDb3SMcjJg5BiRRgOCC/yBD0g=="],

    "@typescript/native-preview": ["@typescript/native-preview@7.0.0-dev.20260425.1", "", { "optionalDependencies": { "@typescript/native-preview-darwin-arm64": "7.0.0-dev.20260425.1", "@typescript/native-preview-darwin-x64": "7.0.0-dev.20260425.1", "@typescript/native-preview-linux-arm": "7.0.0-dev.20260425.1", "@typescript/native-preview-linux-arm64": "7.0.0-dev.20260425.1", "@typescript/native-preview-linux-x64": "7.0.0-dev.20260425.1", "@typescript/native-preview-win32-arm64": "7.0.0-dev.20260425.1", "@typescript/native-preview-win32-x64": "7.0.0-dev.20260425.1" }, "bin": { "tsgo": "bin/tsgo.js" } }, "sha512-qhSVDT9DsoKPBeEm777eUUkiCDjBFlF7wwjfMvcPctZFVHfD6b1O1icpfCdQHPqzjrSXWu2YaNiY0DXbljTmgw=="],

    "@typescript/native-preview-darwin-arm64": ["@typescript/native-preview-darwin-arm64@7.0.0-dev.20260425.1", "", { "os": "darwin", "cpu": "arm64" }, "sha512-vM7O+PlxHRUT4Dv0VkxEmU3N2uyWeSFrhu57O7s3SE9TX1ENljwQlCFG0oQdBGLBRo+SZSoedxKL5jOGlD1eiw=="],

    "@typescript/native-preview-darwin-x64": ["@typescript/native-preview-darwin-x64@7.0.0-dev.20260425.1", "", { "os": "darwin", "cpu": "x64" }, "sha512-EiikklZSuEvMhZEeN0VRb0vmedhLgtKwz5p4Oz9e8hlJ4lLrslgvX7Z7JWb2YSKlhm14dUlRMvdoe+6t+56rSA=="],

    "@typescript/native-preview-linux-arm": ["@typescript/native-preview-linux-arm@7.0.0-dev.20260425.1", "", { "os": "linux", "cpu": "arm" }, "sha512-9eWInaHqhfTu1Mt/1M85p5M+HlSStahAQkqYaW9rJzUWRe+AcVUKsN6I7U7iwxbkCT8gFZsMCRqABcwBUWw3kg=="],

    "@typescript/native-preview-linux-arm64": ["@typescript/native-preview-linux-arm64@7.0.0-dev.20260425.1", "", { "os": "linux", "cpu": "arm64" }, "sha512-5KJ++prl1dscJtxnkE7Cb6rjud4T3nO4mcnKhkCfYcQaFtFrvcZhBtDobwcpSzHbfsW0MeM+QCy1UfWoK4gjUQ=="],

    "@typescript/native-preview-linux-x64": ["@typescript/native-preview-linux-x64@7.0.0-dev.20260425.1", "", { "os": "linux", "cpu": "x64" }, "sha512-a/E/8UL2x6nWmIJwrrbEvLz938RMcrFfm5hLRKaPMjCE32bgwesBZEG5jRn8fzQes+4HICRXKEaL544jtb/Syg=="],

    "@typescript/native-preview-win32-arm64": ["@typescript/native-preview-win32-arm64@7.0.0-dev.20260425.1", "", { "os": "win32", "cpu": "arm64" }, "sha512-BZ7jEnaNZHkHbq9LWuqqIgYMmMb2E2NReMybjOyl3ASFmJHYekDnytXIT3Zbp4dyPLJV55faGzLqMw2MMS81NA=="],

    "@typescript/native-preview-win32-x64": ["@typescript/native-preview-win32-x64@7.0.0-dev.20260425.1", "", { "os": "win32", "cpu": "x64" }, "sha512-/iwK50mO31lKr1KVDRCqW5xGyKArZuq9jQr2b/PJ3e0xEuV6hoJ4Kok11LA1lhx1uctqr3UXKmfwQF3HWqcZTQ=="],

    "ansi-escapes": ["ansi-escapes@7.3.0", "", { "dependencies": { "environment": "^1.0.0" } }, "sha512-BvU8nYgGQBxcmMuEeUEmNTvrMVjJNSH7RgW24vXexN4Ven6qCvy4TntnvlnwnMLTVlcRQQdbRY8NKnaIoeWDNg=="],

    "ansi-regex": ["ansi-regex@6.2.2", "", {}, "sha512-Bq3SmSpyFHaWjPk8If9yc6svM8c56dB5BAtW4Qbw5jHTwwXXcTLoRMkpDJp6VL0XzlWaCHTXrkFURMYmD0sLqg=="],

    "ansi-styles": ["ansi-styles@6.2.3", "", {}, "sha512-4Dj6M28JB+oAH8kFkTLUo+a2jwOFkuqb3yucU0CANcRRUbxS0cP0nZYCGjcc3BNXwRIsUVmDGgzawme7zvJHvg=="],

    "arkregex": ["arkregex@0.0.5", "", { "dependencies": { "@ark/util": "0.56.0" } }, "sha512-ncYjBdLlh5/QnVsAA8De16Tc9EqmYM7y/WU9j+236KcyYNUXogpz3sC4ATIZYzzLxwI+0sEOaQLEmLmRleaEXw=="],

    "arktype": ["arktype@2.2.0", "", { "dependencies": { "@ark/schema": "0.56.0", "@ark/util": "0.56.0", "arkregex": "0.0.5" } }, "sha512-t54MZ7ti5BhOEvzEkgKnWvqj+UbDfWig+DHr5I34xatymPusKLS0lQpNJd8M6DzmIto2QGszHfNKoFIT8tMCZQ=="],

    "bun-types": ["bun-types@1.3.13", "", { "dependencies": { "@types/node": "*" } }, "sha512-QXKeHLlOLqQX9LgYaHJfzdBaV21T63HhFJnvuRCcjZiaUDpbs5ED1MgxbMra71CsryN/1dAoXuJJJwIv/2drVA=="],

    "cac": ["cac@7.0.0", "", {}, "sha512-tixWYgm5ZoOD+3g6UTea91eow5z6AAHaho3g0V9CNSNb45gM8SmflpAc+GRd1InC4AqN/07Unrgp56Y94N9hJQ=="],

    "cli-cursor": ["cli-cursor@5.0.0", "", { "dependencies": { "restore-cursor": "^5.0.0" } }, "sha512-aCj4O5wKyszjMmDT4tZj93kxyydN/K5zPWSCe6/0AV/AA1pqe5ZBIw0a2ZfPQV7lL5/yb5HsUreJ6UFAF1tEQw=="],

    "cli-truncate": ["cli-truncate@5.2.0", "", { "dependencies": { "slice-ansi": "^8.0.0", "string-width": "^8.2.0" } }, "sha512-xRwvIOMGrfOAnM1JYtqQImuaNtDEv9v6oIYAs4LIHwTiKee8uwvIi363igssOC0O5U04i4AlENs79LQLu9tEMw=="],

    "colorette": ["colorette@2.0.20", "", {}, "sha512-IfEDxwoWIjkeXL1eXcDiow4UbKjhLdq6/EuSVR9GMN7KVH3r9gQ83e73hsz1Nd1T3ijd5xv1wcWRYO+D6kCI2w=="],

    "commander": ["commander@14.0.3", "", {}, "sha512-H+y0Jo/T1RZ9qPP4Eh1pkcQcLRglraJaSLoyOtHxu6AapkjWVCy2Sit1QQ4x3Dng8qDlSsZEet7g5Pq06MvTgw=="],

    "create-expoot": ["create-expoot@workspace:packages/create-expoot"],

    "emoji-regex": ["emoji-regex@10.6.0", "", {}, "sha512-toUI84YS5YmxW219erniWD0CIVOo46xGKColeNQRgOzDorgBi1v4D71/OFzgD9GO2UGKIv1C3Sp8DAn0+j5w7A=="],

    "environment": ["environment@1.1.0", "", {}, "sha512-xUtoPkMggbz0MPyPiIWr1Kp4aeWJjDZ6SMvURhimjdZgsRuDplF5/s9hcgGhyXMhs+6vpnuoiZ2kFiu3FMnS8Q=="],

    "eventemitter3": ["eventemitter3@5.0.4", "", {}, "sha512-mlsTRyGaPBjPedk6Bvw+aqbsXDtoAyAzm5MO7JgU+yVRyMQ5O8bD4Kcci7BS85f93veegeCPkL8R4GLClnjLFw=="],

    "fast-string-truncated-width": ["fast-string-truncated-width@1.2.1", "", {}, "sha512-Q9acT/+Uu3GwGj+5w/zsGuQjh9O1TyywhIwAxHudtWrgF09nHOPrvTLhQevPbttcxjr/SNN7mJmfOw/B1bXgow=="],

    "fast-string-width": ["fast-string-width@1.1.0", "", { "dependencies": { "fast-string-truncated-width": "^1.2.0" } }, "sha512-O3fwIVIH5gKB38QNbdg+3760ZmGz0SZMgvwJbA1b2TGXceKE6A2cOlfogh1iw8lr049zPyd7YADHy+B7U4W9bQ=="],

    "fast-wrap-ansi": ["fast-wrap-ansi@0.1.6", "", { "dependencies": { "fast-string-width": "^1.1.0" } }, "sha512-HlUwET7a5gqjURj70D5jl7aC3Zmy4weA1SHUfM0JFI0Ptq987NH2TwbBFLoERhfwk+E+eaq4EK3jXoT+R3yp3w=="],

    "get-east-asian-width": ["get-east-asian-width@1.5.0", "", {}, "sha512-CQ+bEO+Tva/qlmw24dCejulK5pMzVnUOFOijVogd3KQs07HnRIgp8TGipvCCRT06xeYEbpbgwaCxglFyiuIcmA=="],

    "husky": ["husky@9.1.7", "", { "bin": { "husky": "bin.js" } }, "sha512-5gs5ytaNjBrh5Ow3zrvdUUY+0VxIuWVL4i9irt6friV+BqdCfmV11CQTWMiBYWHbXhco+J1kHfTOUkePhCDvMA=="],

    "is-fullwidth-code-point": ["is-fullwidth-code-point@5.1.0", "", { "dependencies": { "get-east-asian-width": "^1.3.1" } }, "sha512-5XHYaSyiqADb4RnZ1Bdad6cPp8Toise4TzEjcOYDHZkTCbKgiUl7WTUCpNWHuxmDt91wnsZBc9xinNzopv3JMQ=="],

    "kleur": ["kleur@4.1.5", "", {}, "sha512-o+NO+8WrRiQEE4/7nwRJhN1HWpVmJm511pBHUxPLtp0BUISzlBplORYSmTclCnJvQq2tKu/sgl3xVpkc7ZWuQQ=="],

    "lint-staged": ["lint-staged@16.4.0", "", { "dependencies": { "commander": "^14.0.3", "listr2": "^9.0.5", "picomatch": "^4.0.3", "string-argv": "^0.3.2", "tinyexec": "^1.0.4", "yaml": "^2.8.2" }, "bin": { "lint-staged": "bin/lint-staged.js" } }, "sha512-lBWt8hujh/Cjysw5GYVmZpFHXDCgZzhrOm8vbcUdobADZNOK/bRshr2kM3DfgrrtR1DQhfupW9gnIXOfiFi+bw=="],

    "listr2": ["listr2@9.0.5", "", { "dependencies": { "cli-truncate": "^5.0.0", "colorette": "^2.0.20", "eventemitter3": "^5.0.1", "log-update": "^6.1.0", "rfdc": "^1.4.1", "wrap-ansi": "^9.0.0" } }, "sha512-ME4Fb83LgEgwNw96RKNvKV4VTLuXfoKudAmm2lP8Kk87KaMK0/Xrx/aAkMWmT8mDb+3MlFDspfbCs7adjRxA2g=="],

    "log-update": ["log-update@6.1.0", "", { "dependencies": { "ansi-escapes": "^7.0.0", "cli-cursor": "^5.0.0", "slice-ansi": "^7.1.0", "strip-ansi": "^7.1.0", "wrap-ansi": "^9.0.0" } }, "sha512-9ie8ItPR6tjY5uYJh8K/Zrv/RMZ5VOlOWvtZdEHYSTFKZfIBPQa9tOAEeAWhd+AnIneLJ22w5fjOYtoutpWq5w=="],

    "mimic-function": ["mimic-function@5.0.1", "", {}, "sha512-VP79XUPxV2CigYP3jWwAUFSku2aKqBH7uTAapFWCBqutsbmDo96KY5o8uh6U+/YSIn5OxJnXp73beVkpqMIGhA=="],

    "onetime": ["onetime@7.0.0", "", { "dependencies": { "mimic-function": "^5.0.0" } }, "sha512-VXJjc87FScF88uafS3JllDgvAm+c/Slfz06lorj2uAY34rlUu0Nt+v8wreiImcrgAjjIHp1rXpTDlLOGw29WwQ=="],

    "oxfmt": ["oxfmt@0.46.0", "", { "dependencies": { "tinypool": "2.1.0" }, "optionalDependencies": { "@oxfmt/binding-android-arm-eabi": "0.46.0", "@oxfmt/binding-android-arm64": "0.46.0", "@oxfmt/binding-darwin-arm64": "0.46.0", "@oxfmt/binding-darwin-x64": "0.46.0", "@oxfmt/binding-freebsd-x64": "0.46.0", "@oxfmt/binding-linux-arm-gnueabihf": "0.46.0", "@oxfmt/binding-linux-arm-musleabihf": "0.46.0", "@oxfmt/binding-linux-arm64-gnu": "0.46.0", "@oxfmt/binding-linux-arm64-musl": "0.46.0", "@oxfmt/binding-linux-ppc64-gnu": "0.46.0", "@oxfmt/binding-linux-riscv64-gnu": "0.46.0", "@oxfmt/binding-linux-riscv64-musl": "0.46.0", "@oxfmt/binding-linux-s390x-gnu": "0.46.0", "@oxfmt/binding-linux-x64-gnu": "0.46.0", "@oxfmt/binding-linux-x64-musl": "0.46.0", "@oxfmt/binding-openharmony-arm64": "0.46.0", "@oxfmt/binding-win32-arm64-msvc": "0.46.0", "@oxfmt/binding-win32-ia32-msvc": "0.46.0", "@oxfmt/binding-win32-x64-msvc": "0.46.0" }, "bin": { "oxfmt": "bin/oxfmt" } }, "sha512-CopwJOwPAjZ9p76fCvz+mSOJTw9/NY3cSksZK3VO/bUQ8UoEcketNgUuYS0UB3p+R9XnXe7wGGXUmyFxc7QxJA=="],

    "picomatch": ["picomatch@4.0.4", "", {}, "sha512-QP88BAKvMam/3NxH6vj2o21R6MjxZUAd6nlwAS/pnGvN9IVLocLHxGYIzFhg6fUQ+5th6P4dv4eW9jX3DSIj7A=="],

    "restore-cursor": ["restore-cursor@5.1.0", "", { "dependencies": { "onetime": "^7.0.0", "signal-exit": "^4.1.0" } }, "sha512-oMA2dcrw6u0YfxJQXm342bFKX/E4sG9rbTzO9ptUcR/e8A33cHuvStiYOwH7fszkZlZ1z/ta9AAoPk2F4qIOHA=="],

    "rfdc": ["rfdc@1.4.1", "", {}, "sha512-q1b3N5QkRUWUl7iyylaaj3kOpIT0N2i9MqIEQXP73GVsN9cw3fdx8X63cEmWhJGi2PPCF23Ijp7ktmd39rawIA=="],

    "signal-exit": ["signal-exit@4.1.0", "", {}, "sha512-bzyZ1e88w9O1iNJbKnOlvYTrWPDl46O1bG0D3XInv+9tkPrxrN8jUUTiFlDkkmKWgn1M6CfIA13SuGqOa9Korw=="],

    "sisteransi": ["sisteransi@1.0.5", "", {}, "sha512-bLGGlR1QxBcynn2d5YmDX4MGjlZvy2MRBDRNHLJ8VI6l6+9FUiyTFNJ0IveOSP0bcXgVDPRcfGqA0pjaqUpfVg=="],

    "slice-ansi": ["slice-ansi@8.0.0", "", { "dependencies": { "ansi-styles": "^6.2.3", "is-fullwidth-code-point": "^5.1.0" } }, "sha512-stxByr12oeeOyY2BlviTNQlYV5xOj47GirPr4yA1hE9JCtxfQN0+tVbkxwCtYDQWhEKWFHsEK48ORg5jrouCAg=="],

    "string-argv": ["string-argv@0.3.2", "", {}, "sha512-aqD2Q0144Z+/RqG52NeHEkZauTAUWJO8c6yTftGJKO3Tja5tUgIfmIl6kExvhtxSDP7fXB6DvzkfMpCd/F3G+Q=="],

    "string-width": ["string-width@8.2.0", "", { "dependencies": { "get-east-asian-width": "^1.5.0", "strip-ansi": "^7.1.2" } }, "sha512-6hJPQ8N0V0P3SNmP6h2J99RLuzrWz2gvT7VnK5tKvrNqJoyS9W4/Fb8mo31UiPvy00z7DQXkP2hnKBVav76thw=="],

    "strip-ansi": ["strip-ansi@7.2.0", "", { "dependencies": { "ansi-regex": "^6.2.2" } }, "sha512-yDPMNjp4WyfYBkHnjIRLfca1i6KMyGCtsVgoKe/z1+6vukgaENdgGBZt+ZmKPc4gavvEZ5OgHfHdrazhgNyG7w=="],

    "tinyexec": ["tinyexec@1.1.1", "", {}, "sha512-VKS/ZaQhhkKFMANmAOhhXVoIfBXblQxGX1myCQ2faQrfmobMftXeJPcZGp0gS07ocvGJWDLZGyOZDadDBqYIJg=="],

    "tinypool": ["tinypool@2.1.0", "", {}, "sha512-Pugqs6M0m7Lv1I7FtxN4aoyToKg1C4tu+/381vH35y8oENM/Ai7f7C4StcoK4/+BSw9ebcS8jRiVrORFKCALLw=="],

    "toml": ["toml@4.1.1", "", {}, "sha512-EBJnVBr3dTXdA89WVFoAIPUqkBjxPMwRqsfuo1r240tKFHXv3zgca4+NJib/h6TyvGF7vOawz0jGuryJCdNHrw=="],

    "undici-types": ["undici-types@7.16.0", "", {}, "sha512-Zz+aZWSj8LE6zoxD+xrjh4VfkIG8Ya6LvYkZqtUQGJPZjYl53ypCaUwWqo7eI0x66KBGeRo+mlBEkMSeSZ38Nw=="],

    "wrap-ansi": ["wrap-ansi@9.0.2", "", { "dependencies": { "ansi-styles": "^6.2.1", "string-width": "^7.0.0", "strip-ansi": "^7.1.0" } }, "sha512-42AtmgqjV+X1VpdOfyTGOYRi0/zsoLqtXQckTmqTeybT+BDIbM/Guxo7x3pE2vtpr1ok6xRqM9OpBe+Jyoqyww=="],

    "yaml": ["yaml@2.8.3", "", { "bin": { "yaml": "bin.mjs" } }, "sha512-AvbaCLOO2Otw/lW5bmh9d/WEdcDFdQp2Z2ZUH3pX9U2ihyUY0nvLv7J6TrWowklRGPYbB/IuIMfYgxaCPg5Bpg=="],

    "log-update/slice-ansi": ["slice-ansi@7.1.2", "", { "dependencies": { "ansi-styles": "^6.2.1", "is-fullwidth-code-point": "^5.0.0" } }, "sha512-iOBWFgUX7caIZiuutICxVgX1SdxwAVFFKwt1EvMYYec/NWO5meOJ6K5uQxhrYBdQJne4KxiqZc+KptFOWFSI9w=="],

    "wrap-ansi/string-width": ["string-width@7.2.0", "", { "dependencies": { "emoji-regex": "^10.3.0", "get-east-asian-width": "^1.0.0", "strip-ansi": "^7.1.0" } }, "sha512-tsaTIkKW9b4N+AEj+SVA+WhJzV7/zMhcSu78mLKWSk7cXMOSHsBKFWUs0fWwq8QyK3MgJBQRX6Gbi4kYbdvGkQ=="],
  }
}
